
Microsoft Visual Studio Solution File, Format Version 12.00
# Visual Studio Version 17
VisualStudioVersion = 17.2.32519.379
MinimumVisualStudioVersion = 10.0.40219.1
Project("{FAE04EC0-301F-11D3-BF4B-00C04F79EFBC}") = "VT_WebProje", "VT_WebProje\VT_WebProje.csproj", "{392F54B8-60EE-4840-8AFD-6194596D2B42}"
EndProject
Global
	GlobalSection(SolutionConfigurationPlatforms) = preSolution
		Debug|Any CPU = Debug|Any CPU
		Release|Any CPU = Release|Any CPU
	EndGlobalSection
	GlobalSection(ProjectConfigurationPlatforms) = postSolution
		{392F54B8-60EE-4840-8AFD-6194596D2B42}.Debug|Any CPU.ActiveCfg = Debug|Any CPU
		{392F54B8-60EE-4840-8AFD-6194596D2B42}.Debug|Any CPU.Build.0 = Debug|Any CPU
		{392F54B8-60EE-4840-8AFD-6194596D2B42}.Release|Any CPU.ActiveCfg = Release|Any CPU
		{392F54B8-60EE-4840-8AFD-6194596D2B42}.Release|Any CPU.Build.0 = Release|Any CPU
	EndGlobalSection
	GlobalSection(SolutionProperties) = preSolution
		HideSolutionNode = FALSE
	EndGlobalSection
	GlobalSection(ExtensibilityGlobals) = postSolution
		SolutionGuid = {84648D8A-E949-4588-84E8-AF807E7E8B23}
	EndGlobalSection
EndGlobal
